// !$*UTF8*$!
{
	archiveVersion = 1;
	classes = {
	};
	objectVersion = 77;
	objects = {

/* Begin PBXContainerItemProxy section */
		ED5059B02DD4B7AC00E28D64 /* PBXContainerItemProxy */ = {
			isa = PBXContainerItemProxy;
			containerPortal = ED5059982DD4B7A900E28D64 /* Project object */;
			proxyType = 1;
			remoteGlobalIDString = ED50599F2DD4B7A900E28D64;
			remoteInfo = "HabitHuddle-iOS";
		};
		ED5059BA2DD4B7AC00E28D64 /* PBXContainerItemProxy */ = {
			isa = PBXContainerItemProxy;
			containerPortal = ED5059982DD4B7A900E28D64 /* Project object */;
			proxyType = 1;
			remoteGlobalIDString = ED50599F2DD4B7A900E28D64;
			remoteInfo = "HabitHuddle-iOS";
		};
/* End PBXContainerItemProxy section */

/* Begin PBXFileReference section */
		ED5059A02DD4B7A900E28D64 /* HabitHuddle-iOS.app */ = {isa = PBXFileReference; explicitFileType = wrapper.application; includeInIndex = 0; path = "HabitHuddle-iOS.app"; sourceTree = BUILT_PRODUCTS_DIR; };
		ED5059AF2DD4B7AC00E28D64 /* HabitHuddle-iOSTests.xctest */ = {isa = PBXFileReference; explicitFileType = wrapper.cfbundle; includeInIndex = 0; path = "HabitHuddle-iOSTests.xctest"; sourceTree = BUILT_PRODUCTS_DIR; };
		ED5059B92DD4B7AC00E28D64 /* HabitHuddle-iOSUITests.xctest */ = {isa = PBXFileReference; explicitFileType = wrapper.cfbundle; includeInIndex = 0; path = "HabitHuddle-iOSUITests.xctest"; sourceTree = BUILT_PRODUCTS_DIR; };
/* End PBXFileReference section */

/* Begin PBXFileSystemSynchronizedRootGroup section */
		ED5059A22DD4B7A900E28D64 /* HabitHuddle-iOS */ = {
			isa = PBXFileSystemSynchronizedRootGroup;
			path = "HabitHuddle-iOS";
			sourceTree = "<group>";
		};
		ED5059B22DD4B7AC00E28D64 /* HabitHuddle-iOSTests */ = {
			isa = PBXFileSystemSynchronizedRootGroup;
			path = "HabitHuddle-iOSTests";
			sourceTree = "<group>";
		};
		ED5059BC2DD4B7AC00E28D64 /* HabitHuddle-iOSUITests */ = {
			isa = PBXFileSystemSynchronizedRootGroup;
			path = "HabitHuddle-iOSUITests";
			sourceTree = "<group>";
		};
/* End PBXFileSystemSynchronizedRootGroup section */

/* Begin PBXFrameworksBuildPhase section */
		ED50599D2DD4B7A900E28D64 /* Frameworks */ = {
			isa = PBXFrameworksBuildPhase;
			buildActionMask = 2147483647;
			files = (
			);
			runOnlyForDeploymentPostprocessing = 0;
		};
		ED5059AC2DD4B7AC00E28D64 /* Frameworks */ = {
			isa = PBXFrameworksBuildPhase;
			buildActionMask = 2147483647;
			files = (
			);
			runOnlyForDeploymentPostprocessing = 0;
		};
		ED5059B62DD4B7AC00E28D64 /* Frameworks */ = {
			isa = PBXFrameworksBuildPhase;
			buildActionMask = 2147483647;
			files = (
			);
			runOnlyForDeploymentPostprocessing = 0;
		};
/* End PBXFrameworksBuildPhase section */

/* Begin PBXGroup section */
		ED5059972DD4B7A900E28D64 = {
			isa = PBXGroup;
			children = (
				ED5059A22DD4B7A900E28D64 /* HabitHuddle-iOS */,
				ED5059B22DD4B7AC00E28D64 /* HabitHuddle-iOSTests */,
				ED5059BC2DD4B7AC00E28D64 /* HabitHuddle-iOSUITests */,
				ED5059A12DD4B7A900E28D64 /* Products */,
			);
			sourceTree = "<group>";
		};
		ED5059A12DD4B7A900E28D64 /* Products */ = {
			isa = PBXGroup;
			children = (
				ED5059A02DD4B7A900E28D64 /* HabitHuddle-iOS.app */,
				ED5059AF2DD4B7AC00E28D64 /* HabitHuddle-iOSTests.xctest */,
				ED5059B92DD4B7AC00E28D64 /* HabitHuddle-iOSUITests.xctest */,
			);
			name = Products;
			sourceTree = "<group>";
		};
/* End PBXGroup section */

/* Begin PBXNativeTarget section */
		ED50599F2DD4B7A900E28D64 /* HabitHuddle-iOS */ = {
			isa = PBXNativeTarget;
			buildConfigurationList = ED5059C32DD4B7AC00E28D64 /* Build configuration list for PBXNativeTarget "HabitHuddle-iOS" */;
			buildPhases = (
				ED50599C2DD4B7A900E28D64 /* Sources */,
				ED50599D2DD4B7A900E28D64 /* Frameworks */,
				ED50599E2DD4B7A900E28D64 /* Resources */,
			);
			buildRules = (
			);
			dependencies = (
			);
			fileSystemSynchronizedGroups = (
				ED5059A22DD4B7A900E28D64 /* HabitHuddle-iOS */,
			);
			name = "HabitHuddle-iOS";
			packageProductDependencies = (
			);
			productName = "HabitHuddle-iOS";
			productReference = ED5059A02DD4B7A900E28D64 /* HabitHuddle-iOS.app */;
			productType = "com.apple.product-type.application";
		};
		ED5059AE2DD4B7AC00E28D64 /* HabitHuddle-iOSTests */ = {
			isa = PBXNativeTarget;
			buildConfigurationList = ED5059C62DD4B7AC00E28D64 /* Build configuration list for PBXNativeTarget "HabitHuddle-iOSTests" */;
			buildPhases = (
				ED5059AB2DD4B7AC00E28D64 /* Sources */,
				ED5059AC2DD4B7AC00E28D64 /* Frameworks */,
				ED5059AD2DD4B7AC00E28D64 /* Resources */,
			);
			buildRules = (
			);
			dependencies = (
				ED5059B12DD4B7AC00E28D64 /* PBXTargetDependency */,
			);
			fileSystemSynchronizedGroups = (
				ED5059B22DD4B7AC00E28D64 /* HabitHuddle-iOSTests */,
			);
			name = "HabitHuddle-iOSTests";
			packageProductDependencies = (
			);
			productName = "HabitHuddle-iOSTests";
			productReference = ED5059AF2DD4B7AC00E28D64 /* HabitHuddle-iOSTests.xctest */;
			productType = "com.apple.product-type.bundle.unit-test";
		};
		ED5059B82DD4B7AC00E28D64 /* HabitHuddle-iOSUITests */ = {
			isa = PBXNativeTarget;
			buildConfigurationList = ED5059C92DD4B7AC00E28D64 /* Build configuration list for PBXNativeTarget "HabitHuddle-iOSUITests" */;
			buildPhases = (
				ED5059B52DD4B7AC00E28D64 /* Sources */,
				ED5059B62DD4B7AC00E28D64 /* Frameworks */,
				ED5059B72DD4B7AC00E28D64 /* Resources */,
			);
			buildRules = (
			);
			dependencies = (
				ED5059BB2DD4B7AC00E28D64 /* PBXTargetDependency */,
			);
			fileSystemSynchronizedGroups = (
				ED5059BC2DD4B7AC00E28D64 /* HabitHuddle-iOSUITests */,
			);
			name = "HabitHuddle-iOSUITests";
			packageProductDependencies = (
			);
			productName = "HabitHuddle-iOSUITests";
			productReference = ED5059B92DD4B7AC00E28D64 /* HabitHuddle-iOSUITests.xctest */;
			productType = "com.apple.product-type.bundle.ui-testing";
		};
/* End PBXNativeTarget section */

/* Begin PBXProject section */
		ED5059982DD4B7A900E28D64 /* Project object */ = {
			isa = PBXProject;
			attributes = {
				BuildIndependentTargetsInParallel = 1;
				LastSwiftUpdateCheck = 1630;
				LastUpgradeCheck = 1630;
				TargetAttributes = {
					ED50599F2DD4B7A900E28D64 = {
						CreatedOnToolsVersion = 16.3;
					};
					ED5059AE2DD4B7AC00E28D64 = {
						CreatedOnToolsVersion = 16.3;
						TestTargetID = ED50599F2DD4B7A900E28D64;
					};
					ED5059B82DD4B7AC00E28D64 = {
						CreatedOnToolsVersion = 16.3;
						TestTargetID = ED50599F2DD4B7A900E28D64;
					};
				};
			};
			buildConfigurationList = ED50599B2DD4B7A900E28D64 /* Build configuration list for PBXProject "HabitHuddle-iOS" */;
			developmentRegion = en;
			hasScannedForEncodings = 0;
			knownRegions = (
				en,
				Base,
			);
			mainGroup = ED5059972DD4B7A900E28D64;
			minimizedProjectReferenceProxies = 1;
			preferredProjectObjectVersion = 77;
			productRefGroup = ED5059A12DD4B7A900E28D64 /* Products */;
			projectDirPath = "";
			projectRoot = "";
			targets = (
				ED50599F2DD4B7A900E28D64 /* HabitHuddle-iOS */,
				ED5059AE2DD4B7AC00E28D64 /* HabitHuddle-iOSTests */,
				ED5059B82DD4B7AC00E28D64 /* HabitHuddle-iOSUITests */,
			);
		};
/* End PBXProject section */

/* Begin PBXResourcesBuildPhase section */
		ED50599E2DD4B7A900E28D64 /* Resources */ = {
			isa = PBXResourcesBuildPhase;
			buildActionMask = 2147483647;
			files = (
			);
			runOnlyForDeploymentPostprocessing = 0;
		};
		ED5059AD2DD4B7AC00E28D64 /* Resources */ = {
			isa = PBXResourcesBuildPhase;
			buildActionMask = 2147483647;
			files = (
			);
			runOnlyForDeploymentPostprocessing = 0;
		};
		ED5059B72DD4B7AC00E28D64 /* Resources */ = {
			isa = PBXResourcesBuildPhase;
			buildActionMask = 2147483647;
			files = (
			);
			runOnlyForDeploymentPostprocessing = 0;
		};
/* End PBXResourcesBuildPhase section */

/* Begin PBXSourcesBuildPhase section */
		ED50599C2DD4B7A900E28D64 /* Sources */ = {
			isa = PBXSourcesBuildPhase;
			buildActionMask = 2147483647;
			files = (
			);
			runOnlyForDeploymentPostprocessing = 0;
		};
		ED5059AB2DD4B7AC00E28D64 /* Sources */ = {
			isa = PBXSourcesBuildPhase;
			buildActionMask = 2147483647;
			files = (
			);
			runOnlyForDeploymentPostprocessing = 0;
		};
		ED5059B52DD4B7AC00E28D64 /* Sources */ = {
			isa = PBXSourcesBuildPhase;
			buildActionMask = 2147483647;
			files = (
			);
			runOnlyForDeploymentPostprocessing = 0;
		};
/* End PBXSourcesBuildPhase section */

/* Begin PBXTargetDependency section */
		ED5059B12DD4B7AC00E28D64 /* PBXTargetDependency */ = {
			isa = PBXTargetDependency;
			target = ED50599F2DD4B7A900E28D64 /* HabitHuddle-iOS */;
			targetProxy = ED5059B02DD4B7AC00E28D64 /* PBXContainerItemProxy */;
		};
		ED5059BB2DD4B7AC00E28D64 /* PBXTargetDependency */ = {
			isa = PBXTargetDependency;
			target = ED50599F2DD4B7A900E28D64 /* HabitHuddle-iOS */;
			targetProxy = ED5059BA2DD4B7AC00E28D64 /* PBXContainerItemProxy */;
		};
/* End PBXTargetDependency section */

/* Begin XCBuildConfiguration section */
		ED5059C12DD4B7AC00E28D64 /* Debug */ = {
			isa = XCBuildConfiguration;
			buildSettings = {
				ALWAYS_SEARCH_USER_PATHS = NO;
				ASSETCATALOG_COMPILER_GENERATE_SWIFT_ASSET_SYMBOL_EXTENSIONS = YES;
				CLANG_ANALYZER_NONNULL = YES;
				CLANG_ANALYZER_NUMBER_OBJECT_CONVERSION = YES_AGGRESSIVE;
				CLANG_CXX_LANGUAGE_STANDARD = "gnu++20";
				CLANG_ENABLE_MODULES = YES;
				CLANG_ENABLE_OBJC_ARC = YES;
				CLANG_ENABLE_OBJC_WEAK = YES;
				CLANG_WARN_BLOCK_CAPTURE_AUTORELEASING = YES;
				CLANG_WARN_BOOL_CONVERSION = YES;
				CLANG_WARN_COMMA = YES;
				CLANG_WARN_CONSTANT_CONVERSION = YES;
				CLANG_WARN_DEPRECATED_OBJC_IMPLEMENTATIONS = YES;
				CLANG_WARN_DIRECT_OBJC_ISA_USAGE = YES_ERROR;
				CLANG_WARN_DOCUMENTATION_COMMENTS = YES;
				CLANG_WARN_EMPTY_BODY = YES;
				CLANG_WARN_ENUM_CONVERSION = YES;
				CLANG_WARN_INFINITE_RECURSION = YES;
				CLANG_WARN_INT_CONVERSION = YES;
				CLANG_WARN_NON_LITERAL_NULL_CONVERSION = YES;
				CLANG_WARN_OBJC_IMPLICIT_RETAIN_SELF = YES;
				CLANG_WARN_OBJC_LITERAL_CONVERSION = YES;
				CLANG_WARN_OBJC_ROOT_CLASS = YES_ERROR;
				CLANG_WARN_QUOTED_INCLUDE_IN_FRAMEWORK_HEADER = YES;
				CLANG_WARN_RANGE_LOOP_ANALYSIS = YES;
				CLANG_WARN_STRICT_PROTOTYPES = YES;
				CLANG_WARN_SUSPICIOUS_MOVE = YES;
				CLANG_WARN_UNGUARDED_AVAILABILITY = YES_AGGRESSIVE;
				CLANG_WARN_UNREACHABLE_CODE = YES;
				CLANG_WARN__DUPLICATE_METHOD_MATCH = YES;
				COPY_PHASE_STRIP = NO;
				DEBUG_INFORMATION_FORMAT = dwarf;
				DEVELOPMENT_TEAM = Y32KBTQURG;
				ENABLE_STRICT_OBJC_MSGSEND = YES;
				ENABLE_TESTABILITY = YES;
				ENABLE_USER_SCRIPT_SANDBOXING = YES;
				GCC_C_LANGUAGE_STANDARD = gnu17;
				GCC_DYNAMIC_NO_PIC = NO;
				GCC_NO_COMMON_BLOCKS = YES;
				GCC_OPTIMIZATION_LEVEL = 0;
				GCC_PREPROCESSOR_DEFINITIONS = (
					"DEBUG=1",
					"$(inherited)",
				);
				GCC_WARN_64_TO_32_BIT_CONVERSION = YES;
				GCC_WARN_ABOUT_RETURN_TYPE = YES_ERROR;
				GCC_WARN_UNDECLARED_SELECTOR = YES;
				GCC_WARN_UNINITIALIZED_AUTOS = YES_AGGRESSIVE;
				GCC_WARN_UNUSED_FUNCTION = YES;
				GCC_WARN_UNUSED_VARIABLE = YES;
				IPHONEOS_DEPLOYMENT_TARGET = 18.4;
				LOCALIZATION_PREFERS_STRING_CATALOGS = YES;
				MTL_ENABLE_DEBUG_INFO = INCLUDE_SOURCE;
				MTL_FAST_MATH = YES;
				ONLY_ACTIVE_ARCH = YES;
				SDKROOT = iphoneos;
				SWIFT_ACTIVE_COMPILATION_CONDITIONS = "DEBUG $(inherited)";
				SWIFT_OPTIMIZATION_LEVEL = "-Onone";
			};
			name = Debug;
		};
		ED5059C22DD4B7AC00E28D64 /* Release */ = {
			isa = XCBuildConfiguration;
			buildSettings = {
				ALWAYS_SEARCH_USER_PATHS = NO;
				ASSETCATALOG_COMPILER_GENERATE_SWIFT_ASSET_SYMBOL_EXTENSIONS = YES;
				CLANG_ANALYZER_NONNULL = YES;
				CLANG_ANALYZER_NUMBER_OBJECT_CONVERSION = YES_AGGRESSIVE;
				CLANG_CXX_LANGUAGE_STANDARD = "gnu++20";
				CLANG_ENABLE_MODULES = YES;
				CLANG_ENABLE_OBJC_ARC = YES;
				CLANG_ENABLE_OBJC_WEAK = YES;
				CLANG_WARN_BLOCK_CAPTURE_AUTORELEASING = YES;
				CLANG_WARN_BOOL_CONVERSION = YES;
				CLANG_WARN_COMMA = YES;
				CLANG_WARN_CONSTANT_CONVERSION = YES;
				CLANG_WARN_DEPRECATED_OBJC_IMPLEMENTATIONS = YES;
				CLANG_WARN_DIRECT_OBJC_ISA_USAGE = YES_ERROR;
				CLANG_WARN_DOCUMENTATION_COMMENTS = YES;
				CLANG_WARN_EMPTY_BODY = YES;
				CLANG_WARN_ENUM_CONVERSION = YES;
				CLANG_WARN_INFINITE_RECURSION = YES;
				CLANG_WARN_INT_CONVERSION = YES;
				CLANG_WARN_NON_LITERAL_NULL_CONVERSION = YES;
				CLANG_WARN_OBJC_IMPLICIT_RETAIN_SELF = YES;
				CLANG_WARN_OBJC_LITERAL_CONVERSION = YES;
				CLANG_WARN_OBJC_ROOT_CLASS = YES_ERROR;
				CLANG_WARN_QUOTED_INCLUDE_IN_FRAMEWORK_HEADER = YES;
				CLANG_WARN_RANGE_LOOP_ANALYSIS = YES;
				CLANG_WARN_STRICT_PROTOTYPES = YES;
				CLANG_WARN_SUSPICIOUS_MOVE = YES;
				CLANG_WARN_UNGUARDED_AVAILABILITY = YES_AGGRESSIVE;
				CLANG_WARN_UNREACHABLE_CODE = YES;
				CLANG_WARN__DUPLICATE_METHOD_MATCH = YES;
				COPY_PHASE_STRIP = NO;
				DEBUG_INFORMATION_FORMAT = "dwarf-with-dsym";
				DEVELOPMENT_TEAM = Y32KBTQURG;
				ENABLE_NS_ASSERTIONS = NO;
				ENABLE_STRICT_OBJC_MSGSEND = YES;
				ENABLE_USER_SCRIPT_SANDBOXING = YES;
				GCC_C_LANGUAGE_STANDARD = gnu17;
				GCC_NO_COMMON_BLOCKS = YES;
				GCC_WARN_64_TO_32_BIT_CONVERSION = YES;
				GCC_WARN_ABOUT_RETURN_TYPE = YES_ERROR;
				GCC_WARN_UNDECLARED_SELECTOR = YES;
				GCC_WARN_UNINITIALIZED_AUTOS = YES_AGGRESSIVE;
				GCC_WARN_UNUSED_FUNCTION = YES;
				GCC_WARN_UNUSED_VARIABLE = YES;
				IPHONEOS_DEPLOYMENT_TARGET = 18.4;
				LOCALIZATION_PREFERS_STRING_CATALOGS = YES;
				MTL_ENABLE_DEBUG_INFO = NO;
				MTL_FAST_MATH = YES;
				SDKROOT = iphoneos;
				SWIFT_COMPILATION_MODE = wholemodule;
				VALIDATE_PRODUCT = YES;
			};
			name = Release;
		};
		ED5059C42DD4B7AC00E28D64 /* Debug */ = {
			isa = XCBuildConfiguration;
			buildSettings = {
				ASSETCATALOG_COMPILER_APPICON_NAME = AppIcon;
				ASSETCATALOG_COMPILER_GLOBAL_ACCENT_COLOR_NAME = AccentColor;
				CODE_SIGN_STYLE = Automatic;
				CURRENT_PROJECT_VERSION = 1;
				DEVELOPMENT_TEAM = Y32KBTQURG;
				ENABLE_PREVIEWS = YES;
				GENERATE_INFOPLIST_FILE = YES;
				INFOPLIST_KEY_CFBundleDisplayName = "Habit Huddle";
				INFOPLIST_KEY_LSApplicationCategoryType = "public.app-category.productivity";
				INFOPLIST_KEY_UIApplicationSceneManifest_Generation = YES;
				INFOPLIST_KEY_UIApplicationSupportsIndirectInputEvents = YES;
				INFOPLIST_KEY_UILaunchScreen_Generation = YES;
				INFOPLIST_KEY_UISupportedInterfaceOrientations = UIInterfaceOrientationPortrait;
				INFOPLIST_KEY_UISupportedInterfaceOrientations_iPad = "UIInterfaceOrientationLandscapeLeft UIInterfaceOrientationLandscapeRight UIInterfaceOrientationPortrait UIInterfaceOrientationPortraitUpsideDown";
				LD_RUNPATH_SEARCH_PATHS = (
					"$(inherited)",
					"@executable_path/Frameworks",
				);
				MARKETING_VERSION = 1.0;
				PRODUCT_BUNDLE_IDENTIFIER = "com.krlsrlsv.HabitHuddle-iOS";
				PRODUCT_NAME = "$(TARGET_NAME)";
				SWIFT_EMIT_LOC_STRINGS = YES;
				SWIFT_VERSION = 5.0;
				TARGETED_DEVICE_FAMILY = "1,2";
			};
			name = Debug;
		};
		ED5059C52DD4B7AC00E28D64 /* Release */ = {
			isa = XCBuildConfiguration;
			buildSettings = {
				ASSETCATALOG_COMPILER_APPICON_NAME = AppIcon;
				ASSETCATALOG_COMPILER_GLOBAL_ACCENT_COLOR_NAME = AccentColor;
				CODE_SIGN_STYLE = Automatic;
				CURRENT_PROJECT_VERSION = 1;
				DEVELOPMENT_TEAM = Y32KBTQURG;
				ENABLE_PREVIEWS = YES;
				GENERATE_INFOPLIST_FILE = YES;
				INFOPLIST_KEY_CFBundleDisplayName = "Habit Huddle";
				INFOPLIST_KEY_LSApplicationCategoryType = "public.app-category.productivity";
				INFOPLIST_KEY_UIApplicationSceneManifest_Generation = YES;
				INFOPLIST_KEY_UIApplicationSupportsIndirectInputEvents = YES;
				INFOPLIST_KEY_UILaunchScreen_Generation = YES;
				INFOPLIST_KEY_UISupportedInterfaceOrientations = UIInterfaceOrientationPortrait;
				INFOPLIST_KEY_UISupportedInterfaceOrientations_iPad = "UIInterfaceOrientationLandscapeLeft UIInterfaceOrientationLandscapeRight UIInterfaceOrientationPortrait UIInterfaceOrientationPortraitUpsideDown";
				LD_RUNPATH_SEARCH_PATHS = (
					"$(inherited)",
					"@executable_path/Frameworks",
				);
				MARKETING_VERSION = 1.0;
				PRODUCT_BUNDLE_IDENTIFIER = "com.krlsrlsv.HabitHuddle-iOS";
				PRODUCT_NAME = "$(TARGET_NAME)";
				SWIFT_EMIT_LOC_STRINGS = YES;
				SWIFT_VERSION = 5.0;
				TARGETED_DEVICE_FAMILY = "1,2";
			};
			name = Release;
		};
		ED5059C72DD4B7AC00E28D64 /* Debug */ = {
			isa = XCBuildConfiguration;
			buildSettings = {
				BUNDLE_LOADER = "$(TEST_HOST)";
				CODE_SIGN_STYLE = Automatic;
				CURRENT_PROJECT_VERSION = 1;
				DEVELOPMENT_TEAM = Y32KBTQURG;
				GENERATE_INFOPLIST_FILE = YES;
				IPHONEOS_DEPLOYMENT_TARGET = 18.4;
				MARKETING_VERSION = 1.0;
				PRODUCT_BUNDLE_IDENTIFIER = "com.krlsrlsv.HabitHuddle-iOSTests";
				PRODUCT_NAME = "$(TARGET_NAME)";
				SWIFT_EMIT_LOC_STRINGS = NO;
				SWIFT_VERSION = 5.0;
				TARGETED_DEVICE_FAMILY = "1,2";
				TEST_HOST = "$(BUILT_PRODUCTS_DIR)/HabitHuddle-iOS.app/$(BUNDLE_EXECUTABLE_FOLDER_PATH)/HabitHuddle-iOS";
			};
			name = Debug;
		};
		ED5059C82DD4B7AC00E28D64 /* Release */ = {
			isa = XCBuildConfiguration;
			buildSettings = {
				BUNDLE_LOADER = "$(TEST_HOST)";
				CODE_SIGN_STYLE = Automatic;
				CURRENT_PROJECT_VERSION = 1;
				DEVELOPMENT_TEAM = Y32KBTQURG;
				GENERATE_INFOPLIST_FILE = YES;
				IPHONEOS_DEPLOYMENT_TARGET = 18.4;
				MARKETING_VERSION = 1.0;
				PRODUCT_BUNDLE_IDENTIFIER = "com.krlsrlsv.HabitHuddle-iOSTests";
				PRODUCT_NAME = "$(TARGET_NAME)";
				SWIFT_EMIT_LOC_STRINGS = NO;
				SWIFT_VERSION = 5.0;
				TARGETED_DEVICE_FAMILY = "1,2";
				TEST_HOST = "$(BUILT_PRODUCTS_DIR)/HabitHuddle-iOS.app/$(BUNDLE_EXECUTABLE_FOLDER_PATH)/HabitHuddle-iOS";
			};
			name = Release;
		};
		ED5059CA2DD4B7AC00E28D64 /* Debug */ = {
			isa = XCBuildConfiguration;
			buildSettings = {
				CODE_SIGN_STYLE = Automatic;
				CURRENT_PROJECT_VERSION = 1;
				DEVELOPMENT_TEAM = Y32KBTQURG;
				GENERATE_INFOPLIST_FILE = YES;
				MARKETING_VERSION = 1.0;
				PRODUCT_BUNDLE_IDENTIFIER = "com.krlsrlsv.HabitHuddle-iOSUITests";
				PRODUCT_NAME = "$(TARGET_NAME)";
				SWIFT_EMIT_LOC_STRINGS = NO;
				SWIFT_VERSION = 5.0;
				TARGETED_DEVICE_FAMILY = "1,2";
				TEST_TARGET_NAME = "HabitHuddle-iOS";
			};
			name = Debug;
		};
		ED5059CB2DD4B7AC00E28D64 /* Release */ = {
			isa = XCBuildConfiguration;
			buildSettings = {
				CODE_SIGN_STYLE = Automatic;
				CURRENT_PROJECT_VERSION = 1;
				DEVELOPMENT_TEAM = Y32KBTQURG;
				GENERATE_INFOPLIST_FILE = YES;
				MARKETING_VERSION = 1.0;
				PRODUCT_BUNDLE_IDENTIFIER = "com.krlsrlsv.HabitHuddle-iOSUITests";
				PRODUCT_NAME = "$(TARGET_NAME)";
				SWIFT_EMIT_LOC_STRINGS = NO;
				SWIFT_VERSION = 5.0;
				TARGETED_DEVICE_FAMILY = "1,2";
				TEST_TARGET_NAME = "HabitHuddle-iOS";
			};
			name = Release;
		};
/* End XCBuildConfiguration section */

/* Begin XCConfigurationList section */
		ED50599B2DD4B7A900E28D64 /* Build configuration list for PBXProject "HabitHuddle-iOS" */ = {
			isa = XCConfigurationList;
			buildConfigurations = (
				ED5059C12DD4B7AC00E28D64 /* Debug */,
				ED5059C22DD4B7AC00E28D64 /* Release */,
			);
			defaultConfigurationIsVisible = 0;
			defaultConfigurationName = Release;
		};
		ED5059C32DD4B7AC00E28D64 /* Build configuration list for PBXNativeTarget "HabitHuddle-iOS" */ = {
			isa = XCConfigurationList;
			buildConfigurations = (
				ED5059C42DD4B7AC00E28D64 /* Debug */,
				ED5059C52DD4B7AC00E28D64 /* Release */,
			);
			defaultConfigurationIsVisible = 0;
			defaultConfigurationName = Release;
		};
		ED5059C62DD4B7AC00E28D64 /* Build configuration list for PBXNativeTarget "HabitHuddle-iOSTests" */ = {
			isa = XCConfigurationList;
			buildConfigurations = (
				ED5059C72DD4B7AC00E28D64 /* Debug */,
				ED5059C82DD4B7AC00E28D64 /* Release */,
			);
			defaultConfigurationIsVisible = 0;
			defaultConfigurationName = Release;
		};
		ED5059C92DD4B7AC00E28D64 /* Build configuration list for PBXNativeTarget "HabitHuddle-iOSUITests" */ = {
			isa = XCConfigurationList;
			buildConfigurations = (
				ED5059CA2DD4B7AC00E28D64 /* Debug */,
				ED5059CB2DD4B7AC00E28D64 /* Release */,
			);
			defaultConfigurationIsVisible = 0;
			defaultConfigurationName = Release;
		};
/* End XCConfigurationList section */
	};
	rootObject = ED5059982DD4B7A900E28D64 /* Project object */;
}
